
Microsoft Visual Studio Solution File, Format Version 12.00
# Visual Studio Version 17
VisualStudioVersion = 17.3.32901.215
MinimumVisualStudioVersion = 10.0.40219.1
Project("{2150E333-8FDC-42A3-9474-1A3956D46DE8}") = "Server", "Server", "{5C210C2E-CF6C-4B23-8B47-FD3026B18E5F}"
EndProject
Project("{2150E333-8FDC-42A3-9474-1A3956D46DE8}") = "0. Layer SeedWork", "0. Layer SeedWork", "{A26397B5-BCFA-4294-B3BD-A7A875478942}"
EndProject
Project("{2150E333-8FDC-42A3-9474-1A3956D46DE8}") = "1. Distributed Services", "1. Distributed Services", "{B130F63D-74EF-4B67-A4B6-853DC0C5989D}"
EndProject
Project("{2150E333-8FDC-42A3-9474-1A3956D46DE8}") = "2. Application", "2. Application", "{703CDB8E-C744-42FD-BBC7-8A9DE7CC49EA}"
EndProject
Project("{2150E333-8FDC-42A3-9474-1A3956D46DE8}") = "3. Domain", "3. Domain", "{5E89A09C-B440-40D7-B8A7-7F4F7ACA826B}"
EndProject
Project("{2150E333-8FDC-42A3-9474-1A3956D46DE8}") = "4. Infrastructure", "4. Infrastructure", "{7758CDAA-E6DE-4129-A907-1E3B8F7E6A55}"
EndProject
Project("{2150E333-8FDC-42A3-9474-1A3956D46DE8}") = "5. Test", "5. Test", "{DC02144F-3566-4434-BFA8-1685A9B29483}"
EndProject
Project("{9A19103F-16F7-4668-BE54-9A1E7A4F7556}") = "TekTon.ProductAPI.Domain.Seedwork", "TekTon.ProductAPI.Domain.Seedwork\TekTon.ProductAPI.Domain.Seedwork.csproj", "{CF49CF6C-C9A3-4258-9A22-1A0E6F7BE0E5}"
EndProject
Project("{9A19103F-16F7-4668-BE54-9A1E7A4F7556}") = "TekTon.ProductAPI.Repository.Seedwork", "TekTon.ProductAPI.Repository.Seedwork\TekTon.ProductAPI.Repository.Seedwork.csproj", "{BAE45A80-9183-4A1E-BC09-225CF34D0F9E}"
EndProject
Project("{2150E333-8FDC-42A3-9474-1A3956D46DE8}") = "1.1 ProductAPI", "1.1 ProductAPI", "{5AB48FAA-5725-472B-A9C1-5E9327300524}"
EndProject
Project("{9A19103F-16F7-4668-BE54-9A1E7A4F7556}") = "TekTon.ProductAPI.WebAPI", "TekTon.ProductAPI.WebAPI\TekTon.ProductAPI.WebAPI.csproj", "{C31316E9-012E-4D0F-8262-C42CC9918FE6}"
EndProject
Project("{2150E333-8FDC-42A3-9474-1A3956D46DE8}") = "2.1 MainBoundedContext", "2.1 MainBoundedContext", "{0E702C4B-758B-4C9C-92BA-B2564A843008}"
EndProject
Project("{9A19103F-16F7-4668-BE54-9A1E7A4F7556}") = "TekTon.ProductAPI.Application", "TekTon.ProductAPI.Application\TekTon.ProductAPI.Application.csproj", "{F9DFA5A7-7F55-43A9-BD4A-AD086579AF4E}"
EndProject
Project("{2150E333-8FDC-42A3-9474-1A3956D46DE8}") = "3.1 MainBoundedContext", "3.1 MainBoundedContext", "{87500157-1675-4FAA-BF7B-37F3A5CA0D2C}"
EndProject
Project("{9A19103F-16F7-4668-BE54-9A1E7A4F7556}") = "TekTon.ProductAPI.Domain", "TekTon.ProductAPI.Domain\TekTon.ProductAPI.Domain.csproj", "{829AC78B-2628-40B2-B1F2-F100C227C266}"
EndProject
Project("{2150E333-8FDC-42A3-9474-1A3956D46DE8}") = "4.1 Cross Cutting", "4.1 Cross Cutting", "{32BF63CC-6016-405A-8D7A-8CA955594C2A}"
EndProject
Project("{2150E333-8FDC-42A3-9474-1A3956D46DE8}") = "4.2 Data", "4.2 Data", "{FD326A25-6083-48CF-943D-92798324573B}"
EndProject
Project("{9A19103F-16F7-4668-BE54-9A1E7A4F7556}") = "TekTon.ProductAPI.DTO", "TekTon.ProductAPI.DTO\TekTon.ProductAPI.DTO.csproj", "{254FB4F0-8F8B-4427-AD32-D19B34CB078E}"
EndProject
Project("{9A19103F-16F7-4668-BE54-9A1E7A4F7556}") = "TekTon.ProductAPI.Infrastructure.CrossCutting", "TekTon.ProductAPI.Infrastructure.CrossCutting\TekTon.ProductAPI.Infrastructure.CrossCutting.csproj", "{EC40947B-3593-4EA6-B13F-9EE44A02435C}"
EndProject
Project("{2150E333-8FDC-42A3-9474-1A3956D46DE8}") = "4.2.1 MainBoundedContext", "4.2.1 MainBoundedContext", "{C6FE0E98-0796-4CFB-8ABE-F414B564408C}"
EndProject
Project("{9A19103F-16F7-4668-BE54-9A1E7A4F7556}") = "TekTon.ProductAPI.Repository", "TekTon.ProductAPI.Repository\TekTon.ProductAPI.Repository.csproj", "{C5C3694A-4D4C-4721-99A9-BCCF3DC2EDE3}"
EndProject
Project("{9A19103F-16F7-4668-BE54-9A1E7A4F7556}") = "TekTon.ProductAPI.Seedwork", "TekTon.ProductAPI.Seedwork\TekTon.ProductAPI.Seedwork.csproj", "{C57B2925-123F-443B-9D56-2F3D3ADCCE85}"
EndProject
Project("{FAE04EC0-301F-11D3-BF4B-00C04F79EFBC}") = "TekTon.ProductAPI.Seed", "TekTon.ProductAPI.Seed\TekTon.ProductAPI.Seed.csproj", "{6073E2BF-BB9F-4D1E-B0A0-097E0C0FB1DA}"
EndProject
Global
	GlobalSection(SolutionConfigurationPlatforms) = preSolution
		Debug|Any CPU = Debug|Any CPU
		Release|Any CPU = Release|Any CPU
	EndGlobalSection
	GlobalSection(ProjectConfigurationPlatforms) = postSolution
		{CF49CF6C-C9A3-4258-9A22-1A0E6F7BE0E5}.Debug|Any CPU.ActiveCfg = Debug|Any CPU
		{CF49CF6C-C9A3-4258-9A22-1A0E6F7BE0E5}.Debug|Any CPU.Build.0 = Debug|Any CPU
		{CF49CF6C-C9A3-4258-9A22-1A0E6F7BE0E5}.Release|Any CPU.ActiveCfg = Release|Any CPU
		{CF49CF6C-C9A3-4258-9A22-1A0E6F7BE0E5}.Release|Any CPU.Build.0 = Release|Any CPU
		{BAE45A80-9183-4A1E-BC09-225CF34D0F9E}.Debug|Any CPU.ActiveCfg = Debug|Any CPU
		{BAE45A80-9183-4A1E-BC09-225CF34D0F9E}.Debug|Any CPU.Build.0 = Debug|Any CPU
		{BAE45A80-9183-4A1E-BC09-225CF34D0F9E}.Release|Any CPU.ActiveCfg = Release|Any CPU
		{BAE45A80-9183-4A1E-BC09-225CF34D0F9E}.Release|Any CPU.Build.0 = Release|Any CPU
		{C31316E9-012E-4D0F-8262-C42CC9918FE6}.Debug|Any CPU.ActiveCfg = Debug|Any CPU
		{C31316E9-012E-4D0F-8262-C42CC9918FE6}.Debug|Any CPU.Build.0 = Debug|Any CPU
		{C31316E9-012E-4D0F-8262-C42CC9918FE6}.Release|Any CPU.ActiveCfg = Release|Any CPU
		{C31316E9-012E-4D0F-8262-C42CC9918FE6}.Release|Any CPU.Build.0 = Release|Any CPU
		{F9DFA5A7-7F55-43A9-BD4A-AD086579AF4E}.Debug|Any CPU.ActiveCfg = Debug|Any CPU
		{F9DFA5A7-7F55-43A9-BD4A-AD086579AF4E}.Debug|Any CPU.Build.0 = Debug|Any CPU
		{F9DFA5A7-7F55-43A9-BD4A-AD086579AF4E}.Release|Any CPU.ActiveCfg = Release|Any CPU
		{F9DFA5A7-7F55-43A9-BD4A-AD086579AF4E}.Release|Any CPU.Build.0 = Release|Any CPU
		{829AC78B-2628-40B2-B1F2-F100C227C266}.Debug|Any CPU.ActiveCfg = Debug|Any CPU
		{829AC78B-2628-40B2-B1F2-F100C227C266}.Debug|Any CPU.Build.0 = Debug|Any CPU
		{829AC78B-2628-40B2-B1F2-F100C227C266}.Release|Any CPU.ActiveCfg = Release|Any CPU
		{829AC78B-2628-40B2-B1F2-F100C227C266}.Release|Any CPU.Build.0 = Release|Any CPU
		{254FB4F0-8F8B-4427-AD32-D19B34CB078E}.Debug|Any CPU.ActiveCfg = Debug|Any CPU
		{254FB4F0-8F8B-4427-AD32-D19B34CB078E}.Debug|Any CPU.Build.0 = Debug|Any CPU
		{254FB4F0-8F8B-4427-AD32-D19B34CB078E}.Release|Any CPU.ActiveCfg = Release|Any CPU
		{254FB4F0-8F8B-4427-AD32-D19B34CB078E}.Release|Any CPU.Build.0 = Release|Any CPU
		{EC40947B-3593-4EA6-B13F-9EE44A02435C}.Debug|Any CPU.ActiveCfg = Debug|Any CPU
		{EC40947B-3593-4EA6-B13F-9EE44A02435C}.Debug|Any CPU.Build.0 = Debug|Any CPU
		{EC40947B-3593-4EA6-B13F-9EE44A02435C}.Release|Any CPU.ActiveCfg = Release|Any CPU
		{EC40947B-3593-4EA6-B13F-9EE44A02435C}.Release|Any CPU.Build.0 = Release|Any CPU
		{C5C3694A-4D4C-4721-99A9-BCCF3DC2EDE3}.Debug|Any CPU.ActiveCfg = Debug|Any CPU
		{C5C3694A-4D4C-4721-99A9-BCCF3DC2EDE3}.Debug|Any CPU.Build.0 = Debug|Any CPU
		{C5C3694A-4D4C-4721-99A9-BCCF3DC2EDE3}.Release|Any CPU.ActiveCfg = Release|Any CPU
		{C5C3694A-4D4C-4721-99A9-BCCF3DC2EDE3}.Release|Any CPU.Build.0 = Release|Any CPU
		{C57B2925-123F-443B-9D56-2F3D3ADCCE85}.Debug|Any CPU.ActiveCfg = Debug|Any CPU
		{C57B2925-123F-443B-9D56-2F3D3ADCCE85}.Debug|Any CPU.Build.0 = Debug|Any CPU
		{C57B2925-123F-443B-9D56-2F3D3ADCCE85}.Release|Any CPU.ActiveCfg = Release|Any CPU
		{C57B2925-123F-443B-9D56-2F3D3ADCCE85}.Release|Any CPU.Build.0 = Release|Any CPU
		{6073E2BF-BB9F-4D1E-B0A0-097E0C0FB1DA}.Debug|Any CPU.ActiveCfg = Debug|Any CPU
		{6073E2BF-BB9F-4D1E-B0A0-097E0C0FB1DA}.Debug|Any CPU.Build.0 = Debug|Any CPU
		{6073E2BF-BB9F-4D1E-B0A0-097E0C0FB1DA}.Release|Any CPU.ActiveCfg = Release|Any CPU
		{6073E2BF-BB9F-4D1E-B0A0-097E0C0FB1DA}.Release|Any CPU.Build.0 = Release|Any CPU
	EndGlobalSection
	GlobalSection(SolutionProperties) = preSolution
		HideSolutionNode = FALSE
	EndGlobalSection
	GlobalSection(NestedProjects) = preSolution
		{A26397B5-BCFA-4294-B3BD-A7A875478942} = {5C210C2E-CF6C-4B23-8B47-FD3026B18E5F}
		{B130F63D-74EF-4B67-A4B6-853DC0C5989D} = {5C210C2E-CF6C-4B23-8B47-FD3026B18E5F}
		{703CDB8E-C744-42FD-BBC7-8A9DE7CC49EA} = {5C210C2E-CF6C-4B23-8B47-FD3026B18E5F}
		{5E89A09C-B440-40D7-B8A7-7F4F7ACA826B} = {5C210C2E-CF6C-4B23-8B47-FD3026B18E5F}
		{7758CDAA-E6DE-4129-A907-1E3B8F7E6A55} = {5C210C2E-CF6C-4B23-8B47-FD3026B18E5F}
		{DC02144F-3566-4434-BFA8-1685A9B29483} = {5C210C2E-CF6C-4B23-8B47-FD3026B18E5F}
		{CF49CF6C-C9A3-4258-9A22-1A0E6F7BE0E5} = {A26397B5-BCFA-4294-B3BD-A7A875478942}
		{BAE45A80-9183-4A1E-BC09-225CF34D0F9E} = {A26397B5-BCFA-4294-B3BD-A7A875478942}
		{5AB48FAA-5725-472B-A9C1-5E9327300524} = {B130F63D-74EF-4B67-A4B6-853DC0C5989D}
		{C31316E9-012E-4D0F-8262-C42CC9918FE6} = {5AB48FAA-5725-472B-A9C1-5E9327300524}
		{0E702C4B-758B-4C9C-92BA-B2564A843008} = {703CDB8E-C744-42FD-BBC7-8A9DE7CC49EA}
		{F9DFA5A7-7F55-43A9-BD4A-AD086579AF4E} = {0E702C4B-758B-4C9C-92BA-B2564A843008}
		{87500157-1675-4FAA-BF7B-37F3A5CA0D2C} = {5E89A09C-B440-40D7-B8A7-7F4F7ACA826B}
		{829AC78B-2628-40B2-B1F2-F100C227C266} = {87500157-1675-4FAA-BF7B-37F3A5CA0D2C}
		{32BF63CC-6016-405A-8D7A-8CA955594C2A} = {7758CDAA-E6DE-4129-A907-1E3B8F7E6A55}
		{FD326A25-6083-48CF-943D-92798324573B} = {7758CDAA-E6DE-4129-A907-1E3B8F7E6A55}
		{254FB4F0-8F8B-4427-AD32-D19B34CB078E} = {32BF63CC-6016-405A-8D7A-8CA955594C2A}
		{EC40947B-3593-4EA6-B13F-9EE44A02435C} = {32BF63CC-6016-405A-8D7A-8CA955594C2A}
		{C6FE0E98-0796-4CFB-8ABE-F414B564408C} = {FD326A25-6083-48CF-943D-92798324573B}
		{C5C3694A-4D4C-4721-99A9-BCCF3DC2EDE3} = {C6FE0E98-0796-4CFB-8ABE-F414B564408C}
		{C57B2925-123F-443B-9D56-2F3D3ADCCE85} = {A26397B5-BCFA-4294-B3BD-A7A875478942}
		{6073E2BF-BB9F-4D1E-B0A0-097E0C0FB1DA} = {5C210C2E-CF6C-4B23-8B47-FD3026B18E5F}
	EndGlobalSection
	GlobalSection(ExtensibilityGlobals) = postSolution
		SolutionGuid = {DBE7D7DB-B9F6-4CCD-866B-1BE7F0F90EE8}
	EndGlobalSection
EndGlobal
